
Microsoft Visual Studio Solution File, Format Version 12.00
Project("{FAE04EC0-301F-11D3-BF4B-00C04F79EFBC}") = "SampleMinimalApi", "SampleMinimalApi\SampleMinimalApi.csproj", "{6FAF6755-B4F0-4820-95AD-8AF2CC835D89}"
EndProject
Global
	GlobalSection(SolutionConfigurationPlatforms) = preSolution
		Debug|Any CPU = Debug|Any CPU
		Release|Any CPU = Release|Any CPU
	EndGlobalSection
	GlobalSection(ProjectConfigurationPlatforms) = postSolution
		{6FAF6755-B4F0-4820-95AD-8AF2CC835D89}.Debug|Any CPU.ActiveCfg = Debug|Any CPU
		{6FAF6755-B4F0-4820-95AD-8AF2CC835D89}.Debug|Any CPU.Build.0 = Debug|Any CPU
		{6FAF6755-B4F0-4820-95AD-8AF2CC835D89}.Release|Any CPU.ActiveCfg = Release|Any CPU
		{6FAF6755-B4F0-4820-95AD-8AF2CC835D89}.Release|Any CPU.Build.0 = Release|Any CPU
	EndGlobalSection
EndGlobal
